{
  "nodes": {
    "nixpkgs": {
      "locked": {
        "lastModified": 1716619601,
        "narHash": "sha256-9dUxZf8MOqJH3vjbhrz7LH4qTcnRsPSBU1Q50T7q/X8=",
        "owner": "NixOS",
        "repo": "nixpkgs",
        "rev": "47e03a624662ce399e55c45a5f6da698fc72c797",
        "type": "github"
      },
      "original": {
        "id": "nixpkgs",
        "type": "indirect"
      }
    },
    "old": {
      "locked": {
        "lastModified": 1704290814,
        "narHash": "sha256-LWvKHp7kGxk/GEtlrGYV68qIvPHkU9iToomNFGagixU=",
        "owner": "NixOS",
        "repo": "nixpkgs",
        "rev": "70bdadeb94ffc8806c0570eb5c2695ad29f0e421",
        "type": "github"
      },
      "original": {
        "id": "nixpkgs",
        "ref": "nixos-23.05",
        "type": "indirect"
      }
    },
    "root": {
      "inputs": {
        "nixpkgs": "nixpkgs",
        "old": "old"
      }
    }
  },
  "root": "root",
  "version": 7
}
